{
  "name": "es-es-data",
  "version": "1.0.0",
  "lockfileVersion": 1,
  "requires": true,
  "dependencies": {
    "@elastic/elasticsearch": {
      "version": "7.12.0",
      "resolved": "https://registry.npm.taobao.org/@elastic/elasticsearch/download/@elastic/elasticsearch-7.12.0.tgz?cache=0&sync_timestamp=1616571977274&other_urls=https%3A%2F%2Fregistry.npm.taobao.org%2F%40elastic%2Felasticsearch%2Fdownload%2F%40elastic%2Felasticsearch-7.12.0.tgz",
      "integrity": "sha1-27UaKEH2RLZwpW2MFYmehgkohW8=",
      "requires": {
        "debug": "^4.3.1",
        "hpagent": "^0.1.1",
        "ms": "^2.1.3",
        "pump": "^3.0.0",
        "secure-json-parse": "^2.3.1"
      }
    },
    "debug": {
      "version": "4.3.1",
      "resolved": "https://registry.npm.taobao.org/debug/download/debug-4.3.1.tgz?cache=0&sync_timestamp=1607566533140&other_urls=https%3A%2F%2Fregistry.npm.taobao.org%2Fdebug%2Fdownload%2Fdebug-4.3.1.tgz",
      "integrity": "sha1-8NIpxQXgxtjEmsVT0bE9wYP2su4=",
      "requires": {
        "ms": "2.1.2"
      },
      "dependencies": {
        "ms": {
          "version": "2.1.2",
          "resolved": "https://registry.npm.taobao.org/ms/download/ms-2.1.2.tgz?cache=0&sync_timestamp=1607433842694&other_urls=https%3A%2F%2Fregistry.npm.taobao.org%2Fms%2Fdownload%2Fms-2.1.2.tgz",
          "integrity": "sha1-0J0fNXtEP0kzgqjrPM0YOHKuYAk="
        }
      }
    },
    "end-of-stream": {
      "version": "1.4.4",
      "resolved": "https://registry.npm.taobao.org/end-of-stream/download/end-of-stream-1.4.4.tgz",
      "integrity": "sha1-WuZKX0UFe682JuwU2gyl5LJDHrA=",
      "requires": {
        "once": "^1.4.0"
      }
    },
    "hpagent": {
      "version": "0.1.1",
      "resolved": "https://registry.npm.taobao.org/hpagent/download/hpagent-0.1.1.tgz",
      "integrity": "sha1-ZvZ/FuXHqLWaBo5AwmWMLHSa1eI="
    },
    "ms": {
      "version": "2.1.3",
      "resolved": "https://registry.npm.taobao.org/ms/download/ms-2.1.3.tgz?cache=0&sync_timestamp=1607433842694&other_urls=https%3A%2F%2Fregistry.npm.taobao.org%2Fms%2Fdownload%2Fms-2.1.3.tgz",
      "integrity": "sha1-V0yBOM4dK1hh8LRFedut1gxmFbI="
    },
    "once": {
      "version": "1.4.0",
      "resolved": "https://registry.npm.taobao.org/once/download/once-1.4.0.tgz",
      "integrity": "sha1-WDsap3WWHUsROsF9nFC6753Xa9E=",
      "requires": {
        "wrappy": "1"
      }
    },
    "pump": {
      "version": "3.0.0",
      "resolved": "https://registry.npm.taobao.org/pump/download/pump-3.0.0.tgz",
      "integrity": "sha1-tKIRaBW94vTh6mAjVOjHVWUQemQ=",
      "requires": {
        "end-of-stream": "^1.1.0",
        "once": "^1.3.1"
      }
    },
    "secure-json-parse": {
      "version": "2.4.0",
      "resolved": "https://registry.npm.taobao.org/secure-json-parse/download/secure-json-parse-2.4.0.tgz?cache=0&sync_timestamp=1617702160076&other_urls=https%3A%2F%2Fregistry.npm.taobao.org%2Fsecure-json-parse%2Fdownload%2Fsecure-json-parse-2.4.0.tgz",
      "integrity": "sha1-Wq6q74XHpBf3YnGk9bDMMxXdyoU="
    },
    "wrappy": {
      "version": "1.0.2",
      "resolved": "https://registry.npm.taobao.org/wrappy/download/wrappy-1.0.2.tgz",
      "integrity": "sha1-tSQ9jz7BqjXxNkYFvA0QNuMKtp8="
    }
  }
}
